
Microsoft Visual Studio Solution File, Format Version 12.00
# Visual Studio Version 17
VisualStudioVersion = 17.0.31903.59
MinimumVisualStudioVersion = 10.0.40219.1
Project("{9A19103F-16F7-4668-BE54-9A1E7A4F7556}") = "fallen-8-core-apiApp", "fallen-8-core-apiApp\fallen-8-core-apiApp.csproj", "{4F7D59BC-BB6E-4372-A208-30DA872E561D}"
EndProject
Project("{9A19103F-16F7-4668-BE54-9A1E7A4F7556}") = "fallen-8-core", "fallen-8-core\fallen-8-core.csproj", "{9C6C7498-681A-456F-B9B0-3FC888745CB2}"
EndProject
Project("{9A19103F-16F7-4668-BE54-9A1E7A4F7556}") = "fallen-8-unittest", "fallen-8-unittest\fallen-8-unittest.csproj", "{F05674A0-2558-4C8C-9172-F2EB464BEB9B}"
EndProject
Project("{2150E333-8FDC-42A3-9474-1A3956D46DE8}") = "Solution Items", "Solution Items", "{A789EBE6-FFC1-4761-82B9-4039084DAE87}"
	ProjectSection(SolutionItems) = preProject
		.editorconfig = .editorconfig
	EndProjectSection
EndProject
Project("{FAE04EC0-301F-11D3-BF4B-00C04F79EFBC}") = "fallen-8-mcp", "fallen-8-mcp\fallen-8-mcp.csproj", "{6566F165-30C3-46EC-8D3B-739C1101E0CA}"
EndProject
Project("{9A19103F-16F7-4668-BE54-9A1E7A4F7556}") = "fallen-8-integrations", "fallen-8-integrations\fallen-8-integrations.csproj", "{2F7C1B4E-6D51-4A93-9C0E-7A1B5F3D2E88}"
EndProject
Project("{FAE04EC0-301F-11D3-BF4B-00C04F79EFBC}") = "fallen-8-bench", "fallen-8-bench\fallen-8-bench.csproj", "{5615CBD2-A6F8-47A3-AD42-25CFF5F5B140}"
EndProject
Global
	GlobalSection(SolutionConfigurationPlatforms) = preSolution
		Debug|Any CPU = Debug|Any CPU
		Debug|x64 = Debug|x64
		Debug|x86 = Debug|x86
		Release|Any CPU = Release|Any CPU
		Release|x64 = Release|x64
		Release|x86 = Release|x86
	EndGlobalSection
	GlobalSection(ProjectConfigurationPlatforms) = postSolution
		{4F7D59BC-BB6E-4372-A208-30DA872E561D}.Debug|Any CPU.ActiveCfg = Debug|Any CPU
		{4F7D59BC-BB6E-4372-A208-30DA872E561D}.Debug|Any CPU.Build.0 = Debug|Any CPU
		{4F7D59BC-BB6E-4372-A208-30DA872E561D}.Debug|x64.ActiveCfg = Debug|Any CPU
		{4F7D59BC-BB6E-4372-A208-30DA872E561D}.Debug|x64.Build.0 = Debug|Any CPU
		{4F7D59BC-BB6E-4372-A208-30DA872E561D}.Debug|x86.ActiveCfg = Debug|Any CPU
		{4F7D59BC-BB6E-4372-A208-30DA872E561D}.Debug|x86.Build.0 = Debug|Any CPU
		{4F7D59BC-BB6E-4372-A208-30DA872E561D}.Release|Any CPU.ActiveCfg = Release|Any CPU
		{4F7D59BC-BB6E-4372-A208-30DA872E561D}.Release|Any CPU.Build.0 = Release|Any CPU
		{4F7D59BC-BB6E-4372-A208-30DA872E561D}.Release|x64.ActiveCfg = Release|Any CPU
		{4F7D59BC-BB6E-4372-A208-30DA872E561D}.Release|x64.Build.0 = Release|Any CPU
		{4F7D59BC-BB6E-4372-A208-30DA872E561D}.Release|x86.ActiveCfg = Release|Any CPU
		{4F7D59BC-BB6E-4372-A208-30DA872E561D}.Release|x86.Build.0 = Release|Any CPU
		{9C6C7498-681A-456F-B9B0-3FC888745CB2}.Debug|Any CPU.ActiveCfg = Debug|Any CPU
		{9C6C7498-681A-456F-B9B0-3FC888745CB2}.Debug|Any CPU.Build.0 = Debug|Any CPU
		{9C6C7498-681A-456F-B9B0-3FC888745CB2}.Debug|x64.ActiveCfg = Debug|Any CPU
		{9C6C7498-681A-456F-B9B0-3FC888745CB2}.Debug|x64.Build.0 = Debug|Any CPU
		{9C6C7498-681A-456F-B9B0-3FC888745CB2}.Debug|x86.ActiveCfg = Debug|Any CPU
		{9C6C7498-681A-456F-B9B0-3FC888745CB2}.Debug|x86.Build.0 = Debug|Any CPU
		{9C6C7498-681A-456F-B9B0-3FC888745CB2}.Release|Any CPU.ActiveCfg = Release|Any CPU
		{9C6C7498-681A-456F-B9B0-3FC888745CB2}.Release|Any CPU.Build.0 = Release|Any CPU
		{9C6C7498-681A-456F-B9B0-3FC888745CB2}.Release|x64.ActiveCfg = Release|Any CPU
		{9C6C7498-681A-456F-B9B0-3FC888745CB2}.Release|x64.Build.0 = Release|Any CPU
		{9C6C7498-681A-456F-B9B0-3FC888745CB2}.Release|x86.ActiveCfg = Release|Any CPU
		{9C6C7498-681A-456F-B9B0-3FC888745CB2}.Release|x86.Build.0 = Release|Any CPU
		{F05674A0-2558-4C8C-9172-F2EB464BEB9B}.Debug|Any CPU.ActiveCfg = Debug|Any CPU
		{F05674A0-2558-4C8C-9172-F2EB464BEB9B}.Debug|Any CPU.Build.0 = Debug|Any CPU
		{F05674A0-2558-4C8C-9172-F2EB464BEB9B}.Debug|x64.ActiveCfg = Debug|Any CPU
		{F05674A0-2558-4C8C-9172-F2EB464BEB9B}.Debug|x64.Build.0 = Debug|Any CPU
		{F05674A0-2558-4C8C-9172-F2EB464BEB9B}.Debug|x86.ActiveCfg = Debug|Any CPU
		{F05674A0-2558-4C8C-9172-F2EB464BEB9B}.Debug|x86.Build.0 = Debug|Any CPU
		{F05674A0-2558-4C8C-9172-F2EB464BEB9B}.Release|Any CPU.ActiveCfg = Release|Any CPU
		{F05674A0-2558-4C8C-9172-F2EB464BEB9B}.Release|Any CPU.Build.0 = Release|Any CPU
		{F05674A0-2558-4C8C-9172-F2EB464BEB9B}.Release|x64.ActiveCfg = Release|Any CPU
		{F05674A0-2558-4C8C-9172-F2EB464BEB9B}.Release|x64.Build.0 = Release|Any CPU
		{F05674A0-2558-4C8C-9172-F2EB464BEB9B}.Release|x86.ActiveCfg = Release|Any CPU
		{F05674A0-2558-4C8C-9172-F2EB464BEB9B}.Release|x86.Build.0 = Release|Any CPU
		{6566F165-30C3-46EC-8D3B-739C1101E0CA}.Debug|Any CPU.ActiveCfg = Debug|Any CPU
		{6566F165-30C3-46EC-8D3B-739C1101E0CA}.Debug|Any CPU.Build.0 = Debug|Any CPU
		{6566F165-30C3-46EC-8D3B-739C1101E0CA}.Debug|x64.ActiveCfg = Debug|Any CPU
		{6566F165-30C3-46EC-8D3B-739C1101E0CA}.Debug|x64.Build.0 = Debug|Any CPU
		{6566F165-30C3-46EC-8D3B-739C1101E0CA}.Debug|x86.ActiveCfg = Debug|Any CPU
		{6566F165-30C3-46EC-8D3B-739C1101E0CA}.Debug|x86.Build.0 = Debug|Any CPU
		{6566F165-30C3-46EC-8D3B-739C1101E0CA}.Release|Any CPU.ActiveCfg = Release|Any CPU
		{6566F165-30C3-46EC-8D3B-739C1101E0CA}.Release|Any CPU.Build.0 = Release|Any CPU
		{6566F165-30C3-46EC-8D3B-739C1101E0CA}.Release|x64.ActiveCfg = Release|Any CPU
		{6566F165-30C3-46EC-8D3B-739C1101E0CA}.Release|x64.Build.0 = Release|Any CPU
		{6566F165-30C3-46EC-8D3B-739C1101E0CA}.Release|x86.ActiveCfg = Release|Any CPU
		{6566F165-30C3-46EC-8D3B-739C1101E0CA}.Release|x86.Build.0 = Release|Any CPU
		{5615CBD2-A6F8-47A3-AD42-25CFF5F5B140}.Debug|Any CPU.ActiveCfg = Debug|Any CPU
		{5615CBD2-A6F8-47A3-AD42-25CFF5F5B140}.Debug|Any CPU.Build.0 = Debug|Any CPU
		{5615CBD2-A6F8-47A3-AD42-25CFF5F5B140}.Debug|x64.ActiveCfg = Debug|Any CPU
		{5615CBD2-A6F8-47A3-AD42-25CFF5F5B140}.Debug|x64.Build.0 = Debug|Any CPU
		{5615CBD2-A6F8-47A3-AD42-25CFF5F5B140}.Debug|x86.ActiveCfg = Debug|Any CPU
		{5615CBD2-A6F8-47A3-AD42-25CFF5F5B140}.Debug|x86.Build.0 = Debug|Any CPU
		{5615CBD2-A6F8-47A3-AD42-25CFF5F5B140}.Release|Any CPU.ActiveCfg = Release|Any CPU
		{5615CBD2-A6F8-47A3-AD42-25CFF5F5B140}.Release|Any CPU.Build.0 = Release|Any CPU
		{5615CBD2-A6F8-47A3-AD42-25CFF5F5B140}.Release|x64.ActiveCfg = Release|Any CPU
		{5615CBD2-A6F8-47A3-AD42-25CFF5F5B140}.Release|x64.Build.0 = Release|Any CPU
		{5615CBD2-A6F8-47A3-AD42-25CFF5F5B140}.Release|x86.ActiveCfg = Release|Any CPU
		{5615CBD2-A6F8-47A3-AD42-25CFF5F5B140}.Release|x86.Build.0 = Release|Any CPU
		{2F7C1B4E-6D51-4A93-9C0E-7A1B5F3D2E88}.Debug|Any CPU.ActiveCfg = Debug|Any CPU
		{2F7C1B4E-6D51-4A93-9C0E-7A1B5F3D2E88}.Debug|Any CPU.Build.0 = Debug|Any CPU
		{2F7C1B4E-6D51-4A93-9C0E-7A1B5F3D2E88}.Debug|x64.ActiveCfg = Debug|Any CPU
		{2F7C1B4E-6D51-4A93-9C0E-7A1B5F3D2E88}.Debug|x64.Build.0 = Debug|Any CPU
		{2F7C1B4E-6D51-4A93-9C0E-7A1B5F3D2E88}.Debug|x86.ActiveCfg = Debug|Any CPU
		{2F7C1B4E-6D51-4A93-9C0E-7A1B5F3D2E88}.Debug|x86.Build.0 = Debug|Any CPU
		{2F7C1B4E-6D51-4A93-9C0E-7A1B5F3D2E88}.Release|Any CPU.ActiveCfg = Release|Any CPU
		{2F7C1B4E-6D51-4A93-9C0E-7A1B5F3D2E88}.Release|Any CPU.Build.0 = Release|Any CPU
		{2F7C1B4E-6D51-4A93-9C0E-7A1B5F3D2E88}.Release|x64.ActiveCfg = Release|Any CPU
		{2F7C1B4E-6D51-4A93-9C0E-7A1B5F3D2E88}.Release|x64.Build.0 = Release|Any CPU
		{2F7C1B4E-6D51-4A93-9C0E-7A1B5F3D2E88}.Release|x86.ActiveCfg = Release|Any CPU
		{2F7C1B4E-6D51-4A93-9C0E-7A1B5F3D2E88}.Release|x86.Build.0 = Release|Any CPU
	EndGlobalSection
	GlobalSection(SolutionProperties) = preSolution
		HideSolutionNode = FALSE
	EndGlobalSection
	GlobalSection(ExtensibilityGlobals) = postSolution
		SolutionGuid = {B74F421E-C531-47A2-BF18-BCD9455166BA}
	EndGlobalSection
EndGlobal
